
Microsoft Visual Studio Solution File, Format Version 12.00
# Visual Studio Version 17
VisualStudioVersion = 17.9.34607.119
MinimumVisualStudioVersion = 10.0.40219.1
Project("{FAE04EC0-301F-11D3-BF4B-00C04F79EFBC}") = "Grid.Android", "Grid\Grid.Android\Grid.Android.csproj", "{94F46941-B4E5-4164-AABB-FBE19936F576}"
EndProject
Project("{FAE04EC0-301F-11D3-BF4B-00C04F79EFBC}") = "Grid.iOS", "Grid\Grid.iOS\Grid.iOS.csproj", "{568322E1-BD61-4ABD-BC64-1219DC7066AE}"
EndProject
Project("{FAE04EC0-301F-11D3-BF4B-00C04F79EFBC}") = "Grid", "Grid\Grid\Grid.csproj", "{14983880-4E69-482B-A697-86F22D482546}"
EndProject
Global
	GlobalSection(SolutionConfigurationPlatforms) = preSolution
		Debug|Any CPU = Debug|Any CPU
		Debug|iPhone = Debug|iPhone
		Debug|iPhoneSimulator = Debug|iPhoneSimulator
		Release|Any CPU = Release|Any CPU
		Release|iPhone = Release|iPhone
		Release|iPhoneSimulator = Release|iPhoneSimulator
	EndGlobalSection
	GlobalSection(ProjectConfigurationPlatforms) = postSolution
		{94F46941-B4E5-4164-AABB-FBE19936F576}.Debug|Any CPU.ActiveCfg = Debug|Any CPU
		{94F46941-B4E5-4164-AABB-FBE19936F576}.Debug|Any CPU.Build.0 = Debug|Any CPU
		{94F46941-B4E5-4164-AABB-FBE19936F576}.Debug|Any CPU.Deploy.0 = Debug|Any CPU
		{94F46941-B4E5-4164-AABB-FBE19936F576}.Debug|iPhone.ActiveCfg = Debug|Any CPU
		{94F46941-B4E5-4164-AABB-FBE19936F576}.Debug|iPhone.Build.0 = Debug|Any CPU
		{94F46941-B4E5-4164-AABB-FBE19936F576}.Debug|iPhone.Deploy.0 = Debug|Any CPU
		{94F46941-B4E5-4164-AABB-FBE19936F576}.Debug|iPhoneSimulator.ActiveCfg = Debug|Any CPU
		{94F46941-B4E5-4164-AABB-FBE19936F576}.Debug|iPhoneSimulator.Build.0 = Debug|Any CPU
		{94F46941-B4E5-4164-AABB-FBE19936F576}.Debug|iPhoneSimulator.Deploy.0 = Debug|Any CPU
		{94F46941-B4E5-4164-AABB-FBE19936F576}.Release|Any CPU.ActiveCfg = Release|Any CPU
		{94F46941-B4E5-4164-AABB-FBE19936F576}.Release|Any CPU.Build.0 = Release|Any CPU
		{94F46941-B4E5-4164-AABB-FBE19936F576}.Release|Any CPU.Deploy.0 = Release|Any CPU
		{94F46941-B4E5-4164-AABB-FBE19936F576}.Release|iPhone.ActiveCfg = Release|Any CPU
		{94F46941-B4E5-4164-AABB-FBE19936F576}.Release|iPhone.Build.0 = Release|Any CPU
		{94F46941-B4E5-4164-AABB-FBE19936F576}.Release|iPhone.Deploy.0 = Release|Any CPU
		{94F46941-B4E5-4164-AABB-FBE19936F576}.Release|iPhoneSimulator.ActiveCfg = Release|Any CPU
		{94F46941-B4E5-4164-AABB-FBE19936F576}.Release|iPhoneSimulator.Build.0 = Release|Any CPU
		{94F46941-B4E5-4164-AABB-FBE19936F576}.Release|iPhoneSimulator.Deploy.0 = Release|Any CPU
		{568322E1-BD61-4ABD-BC64-1219DC7066AE}.Debug|Any CPU.ActiveCfg = Debug|iPhone
		{568322E1-BD61-4ABD-BC64-1219DC7066AE}.Debug|Any CPU.Build.0 = Debug|iPhone
		{568322E1-BD61-4ABD-BC64-1219DC7066AE}.Debug|Any CPU.Deploy.0 = Debug|iPhone
		{568322E1-BD61-4ABD-BC64-1219DC7066AE}.Debug|iPhone.ActiveCfg = Debug|iPhone
		{568322E1-BD61-4ABD-BC64-1219DC7066AE}.Debug|iPhone.Build.0 = Debug|iPhone
		{568322E1-BD61-4ABD-BC64-1219DC7066AE}.Debug|iPhone.Deploy.0 = Debug|iPhone
		{568322E1-BD61-4ABD-BC64-1219DC7066AE}.Debug|iPhoneSimulator.ActiveCfg = Debug|iPhoneSimulator
		{568322E1-BD61-4ABD-BC64-1219DC7066AE}.Debug|iPhoneSimulator.Build.0 = Debug|iPhoneSimulator
		{568322E1-BD61-4ABD-BC64-1219DC7066AE}.Debug|iPhoneSimulator.Deploy.0 = Debug|iPhoneSimulator
		{568322E1-BD61-4ABD-BC64-1219DC7066AE}.Release|Any CPU.ActiveCfg = Release|iPhoneSimulator
		{568322E1-BD61-4ABD-BC64-1219DC7066AE}.Release|Any CPU.Build.0 = Release|iPhoneSimulator
		{568322E1-BD61-4ABD-BC64-1219DC7066AE}.Release|Any CPU.Deploy.0 = Release|iPhoneSimulator
		{568322E1-BD61-4ABD-BC64-1219DC7066AE}.Release|iPhone.ActiveCfg = Release|iPhone
		{568322E1-BD61-4ABD-BC64-1219DC7066AE}.Release|iPhone.Build.0 = Release|iPhone
		{568322E1-BD61-4ABD-BC64-1219DC7066AE}.Release|iPhone.Deploy.0 = Release|iPhone
		{568322E1-BD61-4ABD-BC64-1219DC7066AE}.Release|iPhoneSimulator.ActiveCfg = Release|iPhoneSimulator
		{568322E1-BD61-4ABD-BC64-1219DC7066AE}.Release|iPhoneSimulator.Build.0 = Release|iPhoneSimulator
		{568322E1-BD61-4ABD-BC64-1219DC7066AE}.Release|iPhoneSimulator.Deploy.0 = Release|iPhoneSimulator
		{14983880-4E69-482B-A697-86F22D482546}.Debug|Any CPU.ActiveCfg = Debug|Any CPU
		{14983880-4E69-482B-A697-86F22D482546}.Debug|Any CPU.Build.0 = Debug|Any CPU
		{14983880-4E69-482B-A697-86F22D482546}.Debug|Any CPU.Deploy.0 = Debug|Any CPU
		{14983880-4E69-482B-A697-86F22D482546}.Debug|iPhone.ActiveCfg = Debug|Any CPU
		{14983880-4E69-482B-A697-86F22D482546}.Debug|iPhone.Build.0 = Debug|Any CPU
		{14983880-4E69-482B-A697-86F22D482546}.Debug|iPhone.Deploy.0 = Debug|Any CPU
		{14983880-4E69-482B-A697-86F22D482546}.Debug|iPhoneSimulator.ActiveCfg = Debug|Any CPU
		{14983880-4E69-482B-A697-86F22D482546}.Debug|iPhoneSimulator.Build.0 = Debug|Any CPU
		{14983880-4E69-482B-A697-86F22D482546}.Debug|iPhoneSimulator.Deploy.0 = Debug|Any CPU
		{14983880-4E69-482B-A697-86F22D482546}.Release|Any CPU.ActiveCfg = Release|Any CPU
		{14983880-4E69-482B-A697-86F22D482546}.Release|Any CPU.Build.0 = Release|Any CPU
		{14983880-4E69-482B-A697-86F22D482546}.Release|Any CPU.Deploy.0 = Release|Any CPU
		{14983880-4E69-482B-A697-86F22D482546}.Release|iPhone.ActiveCfg = Release|Any CPU
		{14983880-4E69-482B-A697-86F22D482546}.Release|iPhone.Build.0 = Release|Any CPU
		{14983880-4E69-482B-A697-86F22D482546}.Release|iPhone.Deploy.0 = Release|Any CPU
		{14983880-4E69-482B-A697-86F22D482546}.Release|iPhoneSimulator.ActiveCfg = Release|Any CPU
		{14983880-4E69-482B-A697-86F22D482546}.Release|iPhoneSimulator.Build.0 = Release|Any CPU
		{14983880-4E69-482B-A697-86F22D482546}.Release|iPhoneSimulator.Deploy.0 = Release|Any CPU
	EndGlobalSection
	GlobalSection(SolutionProperties) = preSolution
		HideSolutionNode = FALSE
	EndGlobalSection
	GlobalSection(ExtensibilityGlobals) = postSolution
		SolutionGuid = {F2B2B285-6013-4762-B941-61A0C5EA8B68}
	EndGlobalSection
EndGlobal
