
Microsoft Visual Studio Solution File, Format Version 12.00
# Visual Studio Version 17
VisualStudioVersion = 17.8.34525.116
MinimumVisualStudioVersion = 10.0.40219.1
Project("{FAE04EC0-301F-11D3-BF4B-00C04F79EFBC}") = "LoginSampleXamarin.Android", "LoginSampleXamarin\LoginSampleXamarin.Android\LoginSampleXamarin.Android.csproj", "{D0CF2B57-391A-49BE-B475-79595CDB1F59}"
EndProject
Project("{FAE04EC0-301F-11D3-BF4B-00C04F79EFBC}") = "LoginSampleXamarin.iOS", "LoginSampleXamarin\LoginSampleXamarin.iOS\LoginSampleXamarin.iOS.csproj", "{67880ED3-6D44-4621-881F-49F81EF09D03}"
EndProject
Project("{FAE04EC0-301F-11D3-BF4B-00C04F79EFBC}") = "LoginSampleXamarin", "LoginSampleXamarin\LoginSampleXamarin\LoginSampleXamarin.csproj", "{1A6702F8-2EDE-4985-91D1-67E5080B607B}"
EndProject
Global
	GlobalSection(SolutionConfigurationPlatforms) = preSolution
		Debug|Any CPU = Debug|Any CPU
		Debug|iPhone = Debug|iPhone
		Debug|iPhoneSimulator = Debug|iPhoneSimulator
		Release|Any CPU = Release|Any CPU
		Release|iPhone = Release|iPhone
		Release|iPhoneSimulator = Release|iPhoneSimulator
	EndGlobalSection
	GlobalSection(ProjectConfigurationPlatforms) = postSolution
		{D0CF2B57-391A-49BE-B475-79595CDB1F59}.Debug|Any CPU.ActiveCfg = Debug|Any CPU
		{D0CF2B57-391A-49BE-B475-79595CDB1F59}.Debug|Any CPU.Build.0 = Debug|Any CPU
		{D0CF2B57-391A-49BE-B475-79595CDB1F59}.Debug|Any CPU.Deploy.0 = Debug|Any CPU
		{D0CF2B57-391A-49BE-B475-79595CDB1F59}.Debug|iPhone.ActiveCfg = Debug|Any CPU
		{D0CF2B57-391A-49BE-B475-79595CDB1F59}.Debug|iPhone.Build.0 = Debug|Any CPU
		{D0CF2B57-391A-49BE-B475-79595CDB1F59}.Debug|iPhone.Deploy.0 = Debug|Any CPU
		{D0CF2B57-391A-49BE-B475-79595CDB1F59}.Debug|iPhoneSimulator.ActiveCfg = Debug|Any CPU
		{D0CF2B57-391A-49BE-B475-79595CDB1F59}.Debug|iPhoneSimulator.Build.0 = Debug|Any CPU
		{D0CF2B57-391A-49BE-B475-79595CDB1F59}.Debug|iPhoneSimulator.Deploy.0 = Debug|Any CPU
		{D0CF2B57-391A-49BE-B475-79595CDB1F59}.Release|Any CPU.ActiveCfg = Release|Any CPU
		{D0CF2B57-391A-49BE-B475-79595CDB1F59}.Release|Any CPU.Build.0 = Release|Any CPU
		{D0CF2B57-391A-49BE-B475-79595CDB1F59}.Release|Any CPU.Deploy.0 = Release|Any CPU
		{D0CF2B57-391A-49BE-B475-79595CDB1F59}.Release|iPhone.ActiveCfg = Release|Any CPU
		{D0CF2B57-391A-49BE-B475-79595CDB1F59}.Release|iPhone.Build.0 = Release|Any CPU
		{D0CF2B57-391A-49BE-B475-79595CDB1F59}.Release|iPhone.Deploy.0 = Release|Any CPU
		{D0CF2B57-391A-49BE-B475-79595CDB1F59}.Release|iPhoneSimulator.ActiveCfg = Release|Any CPU
		{D0CF2B57-391A-49BE-B475-79595CDB1F59}.Release|iPhoneSimulator.Build.0 = Release|Any CPU
		{D0CF2B57-391A-49BE-B475-79595CDB1F59}.Release|iPhoneSimulator.Deploy.0 = Release|Any CPU
		{67880ED3-6D44-4621-881F-49F81EF09D03}.Debug|Any CPU.ActiveCfg = Debug|iPhone
		{67880ED3-6D44-4621-881F-49F81EF09D03}.Debug|Any CPU.Build.0 = Debug|iPhone
		{67880ED3-6D44-4621-881F-49F81EF09D03}.Debug|Any CPU.Deploy.0 = Debug|iPhone
		{67880ED3-6D44-4621-881F-49F81EF09D03}.Debug|iPhone.ActiveCfg = Debug|iPhone
		{67880ED3-6D44-4621-881F-49F81EF09D03}.Debug|iPhone.Build.0 = Debug|iPhone
		{67880ED3-6D44-4621-881F-49F81EF09D03}.Debug|iPhone.Deploy.0 = Debug|iPhone
		{67880ED3-6D44-4621-881F-49F81EF09D03}.Debug|iPhoneSimulator.ActiveCfg = Debug|iPhoneSimulator
		{67880ED3-6D44-4621-881F-49F81EF09D03}.Debug|iPhoneSimulator.Build.0 = Debug|iPhoneSimulator
		{67880ED3-6D44-4621-881F-49F81EF09D03}.Debug|iPhoneSimulator.Deploy.0 = Debug|iPhoneSimulator
		{67880ED3-6D44-4621-881F-49F81EF09D03}.Release|Any CPU.ActiveCfg = Release|iPhoneSimulator
		{67880ED3-6D44-4621-881F-49F81EF09D03}.Release|Any CPU.Build.0 = Release|iPhoneSimulator
		{67880ED3-6D44-4621-881F-49F81EF09D03}.Release|Any CPU.Deploy.0 = Release|iPhoneSimulator
		{67880ED3-6D44-4621-881F-49F81EF09D03}.Release|iPhone.ActiveCfg = Release|iPhone
		{67880ED3-6D44-4621-881F-49F81EF09D03}.Release|iPhone.Build.0 = Release|iPhone
		{67880ED3-6D44-4621-881F-49F81EF09D03}.Release|iPhone.Deploy.0 = Release|iPhone
		{67880ED3-6D44-4621-881F-49F81EF09D03}.Release|iPhoneSimulator.ActiveCfg = Release|iPhoneSimulator
		{67880ED3-6D44-4621-881F-49F81EF09D03}.Release|iPhoneSimulator.Build.0 = Release|iPhoneSimulator
		{67880ED3-6D44-4621-881F-49F81EF09D03}.Release|iPhoneSimulator.Deploy.0 = Release|iPhoneSimulator
		{1A6702F8-2EDE-4985-91D1-67E5080B607B}.Debug|Any CPU.ActiveCfg = Debug|Any CPU
		{1A6702F8-2EDE-4985-91D1-67E5080B607B}.Debug|Any CPU.Build.0 = Debug|Any CPU
		{1A6702F8-2EDE-4985-91D1-67E5080B607B}.Debug|Any CPU.Deploy.0 = Debug|Any CPU
		{1A6702F8-2EDE-4985-91D1-67E5080B607B}.Debug|iPhone.ActiveCfg = Debug|Any CPU
		{1A6702F8-2EDE-4985-91D1-67E5080B607B}.Debug|iPhone.Build.0 = Debug|Any CPU
		{1A6702F8-2EDE-4985-91D1-67E5080B607B}.Debug|iPhone.Deploy.0 = Debug|Any CPU
		{1A6702F8-2EDE-4985-91D1-67E5080B607B}.Debug|iPhoneSimulator.ActiveCfg = Debug|Any CPU
		{1A6702F8-2EDE-4985-91D1-67E5080B607B}.Debug|iPhoneSimulator.Build.0 = Debug|Any CPU
		{1A6702F8-2EDE-4985-91D1-67E5080B607B}.Debug|iPhoneSimulator.Deploy.0 = Debug|Any CPU
		{1A6702F8-2EDE-4985-91D1-67E5080B607B}.Release|Any CPU.ActiveCfg = Release|Any CPU
		{1A6702F8-2EDE-4985-91D1-67E5080B607B}.Release|Any CPU.Build.0 = Release|Any CPU
		{1A6702F8-2EDE-4985-91D1-67E5080B607B}.Release|Any CPU.Deploy.0 = Release|Any CPU
		{1A6702F8-2EDE-4985-91D1-67E5080B607B}.Release|iPhone.ActiveCfg = Release|Any CPU
		{1A6702F8-2EDE-4985-91D1-67E5080B607B}.Release|iPhone.Build.0 = Release|Any CPU
		{1A6702F8-2EDE-4985-91D1-67E5080B607B}.Release|iPhone.Deploy.0 = Release|Any CPU
		{1A6702F8-2EDE-4985-91D1-67E5080B607B}.Release|iPhoneSimulator.ActiveCfg = Release|Any CPU
		{1A6702F8-2EDE-4985-91D1-67E5080B607B}.Release|iPhoneSimulator.Build.0 = Release|Any CPU
		{1A6702F8-2EDE-4985-91D1-67E5080B607B}.Release|iPhoneSimulator.Deploy.0 = Release|Any CPU
	EndGlobalSection
	GlobalSection(SolutionProperties) = preSolution
		HideSolutionNode = FALSE
	EndGlobalSection
	GlobalSection(ExtensibilityGlobals) = postSolution
		SolutionGuid = {C7967A62-EE7E-4062-9620-E07D7114CDA4}
	EndGlobalSection
EndGlobal
