
Microsoft Visual Studio Solution File, Format Version 12.00
# Visual Studio Version 17
VisualStudioVersion = 17.8.34525.116
MinimumVisualStudioVersion = 10.0.40219.1
Project("{FAE04EC0-301F-11D3-BF4B-00C04F79EFBC}") = "xamlSlider.Android", "xamlSlider\xamlSlider.Android\xamlSlider.Android.csproj", "{636CC06E-6A14-4FBB-97EE-64B42C0AB018}"
EndProject
Project("{FAE04EC0-301F-11D3-BF4B-00C04F79EFBC}") = "xamlSlider.iOS", "xamlSlider\xamlSlider.iOS\xamlSlider.iOS.csproj", "{E616E957-6A29-4054-9DE7-0370CCFC9620}"
EndProject
Project("{FAE04EC0-301F-11D3-BF4B-00C04F79EFBC}") = "xamlSlider", "xamlSlider\xamlSlider\xamlSlider.csproj", "{952F751D-E18E-4618-8B74-3DC594AA657A}"
EndProject
Global
	GlobalSection(SolutionConfigurationPlatforms) = preSolution
		Debug|Any CPU = Debug|Any CPU
		Debug|iPhone = Debug|iPhone
		Debug|iPhoneSimulator = Debug|iPhoneSimulator
		Release|Any CPU = Release|Any CPU
		Release|iPhone = Release|iPhone
		Release|iPhoneSimulator = Release|iPhoneSimulator
	EndGlobalSection
	GlobalSection(ProjectConfigurationPlatforms) = postSolution
		{636CC06E-6A14-4FBB-97EE-64B42C0AB018}.Debug|Any CPU.ActiveCfg = Debug|Any CPU
		{636CC06E-6A14-4FBB-97EE-64B42C0AB018}.Debug|Any CPU.Build.0 = Debug|Any CPU
		{636CC06E-6A14-4FBB-97EE-64B42C0AB018}.Debug|Any CPU.Deploy.0 = Debug|Any CPU
		{636CC06E-6A14-4FBB-97EE-64B42C0AB018}.Debug|iPhone.ActiveCfg = Debug|Any CPU
		{636CC06E-6A14-4FBB-97EE-64B42C0AB018}.Debug|iPhone.Build.0 = Debug|Any CPU
		{636CC06E-6A14-4FBB-97EE-64B42C0AB018}.Debug|iPhone.Deploy.0 = Debug|Any CPU
		{636CC06E-6A14-4FBB-97EE-64B42C0AB018}.Debug|iPhoneSimulator.ActiveCfg = Debug|Any CPU
		{636CC06E-6A14-4FBB-97EE-64B42C0AB018}.Debug|iPhoneSimulator.Build.0 = Debug|Any CPU
		{636CC06E-6A14-4FBB-97EE-64B42C0AB018}.Debug|iPhoneSimulator.Deploy.0 = Debug|Any CPU
		{636CC06E-6A14-4FBB-97EE-64B42C0AB018}.Release|Any CPU.ActiveCfg = Release|Any CPU
		{636CC06E-6A14-4FBB-97EE-64B42C0AB018}.Release|Any CPU.Build.0 = Release|Any CPU
		{636CC06E-6A14-4FBB-97EE-64B42C0AB018}.Release|Any CPU.Deploy.0 = Release|Any CPU
		{636CC06E-6A14-4FBB-97EE-64B42C0AB018}.Release|iPhone.ActiveCfg = Release|Any CPU
		{636CC06E-6A14-4FBB-97EE-64B42C0AB018}.Release|iPhone.Build.0 = Release|Any CPU
		{636CC06E-6A14-4FBB-97EE-64B42C0AB018}.Release|iPhone.Deploy.0 = Release|Any CPU
		{636CC06E-6A14-4FBB-97EE-64B42C0AB018}.Release|iPhoneSimulator.ActiveCfg = Release|Any CPU
		{636CC06E-6A14-4FBB-97EE-64B42C0AB018}.Release|iPhoneSimulator.Build.0 = Release|Any CPU
		{636CC06E-6A14-4FBB-97EE-64B42C0AB018}.Release|iPhoneSimulator.Deploy.0 = Release|Any CPU
		{E616E957-6A29-4054-9DE7-0370CCFC9620}.Debug|Any CPU.ActiveCfg = Debug|iPhone
		{E616E957-6A29-4054-9DE7-0370CCFC9620}.Debug|Any CPU.Build.0 = Debug|iPhone
		{E616E957-6A29-4054-9DE7-0370CCFC9620}.Debug|Any CPU.Deploy.0 = Debug|iPhone
		{E616E957-6A29-4054-9DE7-0370CCFC9620}.Debug|iPhone.ActiveCfg = Debug|iPhone
		{E616E957-6A29-4054-9DE7-0370CCFC9620}.Debug|iPhone.Build.0 = Debug|iPhone
		{E616E957-6A29-4054-9DE7-0370CCFC9620}.Debug|iPhone.Deploy.0 = Debug|iPhone
		{E616E957-6A29-4054-9DE7-0370CCFC9620}.Debug|iPhoneSimulator.ActiveCfg = Debug|iPhoneSimulator
		{E616E957-6A29-4054-9DE7-0370CCFC9620}.Debug|iPhoneSimulator.Build.0 = Debug|iPhoneSimulator
		{E616E957-6A29-4054-9DE7-0370CCFC9620}.Debug|iPhoneSimulator.Deploy.0 = Debug|iPhoneSimulator
		{E616E957-6A29-4054-9DE7-0370CCFC9620}.Release|Any CPU.ActiveCfg = Release|iPhoneSimulator
		{E616E957-6A29-4054-9DE7-0370CCFC9620}.Release|Any CPU.Build.0 = Release|iPhoneSimulator
		{E616E957-6A29-4054-9DE7-0370CCFC9620}.Release|Any CPU.Deploy.0 = Release|iPhoneSimulator
		{E616E957-6A29-4054-9DE7-0370CCFC9620}.Release|iPhone.ActiveCfg = Release|iPhone
		{E616E957-6A29-4054-9DE7-0370CCFC9620}.Release|iPhone.Build.0 = Release|iPhone
		{E616E957-6A29-4054-9DE7-0370CCFC9620}.Release|iPhone.Deploy.0 = Release|iPhone
		{E616E957-6A29-4054-9DE7-0370CCFC9620}.Release|iPhoneSimulator.ActiveCfg = Release|iPhoneSimulator
		{E616E957-6A29-4054-9DE7-0370CCFC9620}.Release|iPhoneSimulator.Build.0 = Release|iPhoneSimulator
		{E616E957-6A29-4054-9DE7-0370CCFC9620}.Release|iPhoneSimulator.Deploy.0 = Release|iPhoneSimulator
		{952F751D-E18E-4618-8B74-3DC594AA657A}.Debug|Any CPU.ActiveCfg = Debug|Any CPU
		{952F751D-E18E-4618-8B74-3DC594AA657A}.Debug|Any CPU.Build.0 = Debug|Any CPU
		{952F751D-E18E-4618-8B74-3DC594AA657A}.Debug|Any CPU.Deploy.0 = Debug|Any CPU
		{952F751D-E18E-4618-8B74-3DC594AA657A}.Debug|iPhone.ActiveCfg = Debug|Any CPU
		{952F751D-E18E-4618-8B74-3DC594AA657A}.Debug|iPhone.Build.0 = Debug|Any CPU
		{952F751D-E18E-4618-8B74-3DC594AA657A}.Debug|iPhone.Deploy.0 = Debug|Any CPU
		{952F751D-E18E-4618-8B74-3DC594AA657A}.Debug|iPhoneSimulator.ActiveCfg = Debug|Any CPU
		{952F751D-E18E-4618-8B74-3DC594AA657A}.Debug|iPhoneSimulator.Build.0 = Debug|Any CPU
		{952F751D-E18E-4618-8B74-3DC594AA657A}.Debug|iPhoneSimulator.Deploy.0 = Debug|Any CPU
		{952F751D-E18E-4618-8B74-3DC594AA657A}.Release|Any CPU.ActiveCfg = Release|Any CPU
		{952F751D-E18E-4618-8B74-3DC594AA657A}.Release|Any CPU.Build.0 = Release|Any CPU
		{952F751D-E18E-4618-8B74-3DC594AA657A}.Release|Any CPU.Deploy.0 = Release|Any CPU
		{952F751D-E18E-4618-8B74-3DC594AA657A}.Release|iPhone.ActiveCfg = Release|Any CPU
		{952F751D-E18E-4618-8B74-3DC594AA657A}.Release|iPhone.Build.0 = Release|Any CPU
		{952F751D-E18E-4618-8B74-3DC594AA657A}.Release|iPhone.Deploy.0 = Release|Any CPU
		{952F751D-E18E-4618-8B74-3DC594AA657A}.Release|iPhoneSimulator.ActiveCfg = Release|Any CPU
		{952F751D-E18E-4618-8B74-3DC594AA657A}.Release|iPhoneSimulator.Build.0 = Release|Any CPU
		{952F751D-E18E-4618-8B74-3DC594AA657A}.Release|iPhoneSimulator.Deploy.0 = Release|Any CPU
	EndGlobalSection
	GlobalSection(SolutionProperties) = preSolution
		HideSolutionNode = FALSE
	EndGlobalSection
	GlobalSection(ExtensibilityGlobals) = postSolution
		SolutionGuid = {75C654E8-BB0C-4F22-9234-9BB60335279D}
	EndGlobalSection
EndGlobal
