
Microsoft Visual Studio Solution File, Format Version 12.00
# Visual Studio Version 17
VisualStudioVersion = 17.9.34607.119
MinimumVisualStudioVersion = 10.0.40219.1
Project("{FAE04EC0-301F-11D3-BF4B-00C04F79EFBC}") = "ListViewDemo.Android", "ListViewDemo\ListViewDemo.Android\ListViewDemo.Android.csproj", "{5CF7E3B9-13E0-4858-AEAF-92C10D73BE8C}"
EndProject
Project("{FAE04EC0-301F-11D3-BF4B-00C04F79EFBC}") = "ListViewDemo.iOS", "ListViewDemo\ListViewDemo.iOS\ListViewDemo.iOS.csproj", "{A5D2DDD3-6A54-424D-913E-CFFCD627A954}"
EndProject
Project("{FAE04EC0-301F-11D3-BF4B-00C04F79EFBC}") = "ListViewDemo", "ListViewDemo\ListViewDemo\ListViewDemo.csproj", "{BB82F713-D0EA-4E91-B8B7-0B56C3C0CDC0}"
EndProject
Global
	GlobalSection(SolutionConfigurationPlatforms) = preSolution
		Debug|Any CPU = Debug|Any CPU
		Debug|iPhone = Debug|iPhone
		Debug|iPhoneSimulator = Debug|iPhoneSimulator
		Release|Any CPU = Release|Any CPU
		Release|iPhone = Release|iPhone
		Release|iPhoneSimulator = Release|iPhoneSimulator
	EndGlobalSection
	GlobalSection(ProjectConfigurationPlatforms) = postSolution
		{5CF7E3B9-13E0-4858-AEAF-92C10D73BE8C}.Debug|Any CPU.ActiveCfg = Debug|Any CPU
		{5CF7E3B9-13E0-4858-AEAF-92C10D73BE8C}.Debug|Any CPU.Build.0 = Debug|Any CPU
		{5CF7E3B9-13E0-4858-AEAF-92C10D73BE8C}.Debug|Any CPU.Deploy.0 = Debug|Any CPU
		{5CF7E3B9-13E0-4858-AEAF-92C10D73BE8C}.Debug|iPhone.ActiveCfg = Debug|Any CPU
		{5CF7E3B9-13E0-4858-AEAF-92C10D73BE8C}.Debug|iPhone.Build.0 = Debug|Any CPU
		{5CF7E3B9-13E0-4858-AEAF-92C10D73BE8C}.Debug|iPhone.Deploy.0 = Debug|Any CPU
		{5CF7E3B9-13E0-4858-AEAF-92C10D73BE8C}.Debug|iPhoneSimulator.ActiveCfg = Debug|Any CPU
		{5CF7E3B9-13E0-4858-AEAF-92C10D73BE8C}.Debug|iPhoneSimulator.Build.0 = Debug|Any CPU
		{5CF7E3B9-13E0-4858-AEAF-92C10D73BE8C}.Debug|iPhoneSimulator.Deploy.0 = Debug|Any CPU
		{5CF7E3B9-13E0-4858-AEAF-92C10D73BE8C}.Release|Any CPU.ActiveCfg = Release|Any CPU
		{5CF7E3B9-13E0-4858-AEAF-92C10D73BE8C}.Release|Any CPU.Build.0 = Release|Any CPU
		{5CF7E3B9-13E0-4858-AEAF-92C10D73BE8C}.Release|Any CPU.Deploy.0 = Release|Any CPU
		{5CF7E3B9-13E0-4858-AEAF-92C10D73BE8C}.Release|iPhone.ActiveCfg = Release|Any CPU
		{5CF7E3B9-13E0-4858-AEAF-92C10D73BE8C}.Release|iPhone.Build.0 = Release|Any CPU
		{5CF7E3B9-13E0-4858-AEAF-92C10D73BE8C}.Release|iPhone.Deploy.0 = Release|Any CPU
		{5CF7E3B9-13E0-4858-AEAF-92C10D73BE8C}.Release|iPhoneSimulator.ActiveCfg = Release|Any CPU
		{5CF7E3B9-13E0-4858-AEAF-92C10D73BE8C}.Release|iPhoneSimulator.Build.0 = Release|Any CPU
		{5CF7E3B9-13E0-4858-AEAF-92C10D73BE8C}.Release|iPhoneSimulator.Deploy.0 = Release|Any CPU
		{A5D2DDD3-6A54-424D-913E-CFFCD627A954}.Debug|Any CPU.ActiveCfg = Debug|iPhone
		{A5D2DDD3-6A54-424D-913E-CFFCD627A954}.Debug|Any CPU.Build.0 = Debug|iPhone
		{A5D2DDD3-6A54-424D-913E-CFFCD627A954}.Debug|Any CPU.Deploy.0 = Debug|iPhone
		{A5D2DDD3-6A54-424D-913E-CFFCD627A954}.Debug|iPhone.ActiveCfg = Debug|iPhone
		{A5D2DDD3-6A54-424D-913E-CFFCD627A954}.Debug|iPhone.Build.0 = Debug|iPhone
		{A5D2DDD3-6A54-424D-913E-CFFCD627A954}.Debug|iPhone.Deploy.0 = Debug|iPhone
		{A5D2DDD3-6A54-424D-913E-CFFCD627A954}.Debug|iPhoneSimulator.ActiveCfg = Debug|iPhoneSimulator
		{A5D2DDD3-6A54-424D-913E-CFFCD627A954}.Debug|iPhoneSimulator.Build.0 = Debug|iPhoneSimulator
		{A5D2DDD3-6A54-424D-913E-CFFCD627A954}.Debug|iPhoneSimulator.Deploy.0 = Debug|iPhoneSimulator
		{A5D2DDD3-6A54-424D-913E-CFFCD627A954}.Release|Any CPU.ActiveCfg = Release|iPhoneSimulator
		{A5D2DDD3-6A54-424D-913E-CFFCD627A954}.Release|Any CPU.Build.0 = Release|iPhoneSimulator
		{A5D2DDD3-6A54-424D-913E-CFFCD627A954}.Release|Any CPU.Deploy.0 = Release|iPhoneSimulator
		{A5D2DDD3-6A54-424D-913E-CFFCD627A954}.Release|iPhone.ActiveCfg = Release|iPhone
		{A5D2DDD3-6A54-424D-913E-CFFCD627A954}.Release|iPhone.Build.0 = Release|iPhone
		{A5D2DDD3-6A54-424D-913E-CFFCD627A954}.Release|iPhone.Deploy.0 = Release|iPhone
		{A5D2DDD3-6A54-424D-913E-CFFCD627A954}.Release|iPhoneSimulator.ActiveCfg = Release|iPhoneSimulator
		{A5D2DDD3-6A54-424D-913E-CFFCD627A954}.Release|iPhoneSimulator.Build.0 = Release|iPhoneSimulator
		{A5D2DDD3-6A54-424D-913E-CFFCD627A954}.Release|iPhoneSimulator.Deploy.0 = Release|iPhoneSimulator
		{BB82F713-D0EA-4E91-B8B7-0B56C3C0CDC0}.Debug|Any CPU.ActiveCfg = Debug|Any CPU
		{BB82F713-D0EA-4E91-B8B7-0B56C3C0CDC0}.Debug|Any CPU.Build.0 = Debug|Any CPU
		{BB82F713-D0EA-4E91-B8B7-0B56C3C0CDC0}.Debug|Any CPU.Deploy.0 = Debug|Any CPU
		{BB82F713-D0EA-4E91-B8B7-0B56C3C0CDC0}.Debug|iPhone.ActiveCfg = Debug|Any CPU
		{BB82F713-D0EA-4E91-B8B7-0B56C3C0CDC0}.Debug|iPhone.Build.0 = Debug|Any CPU
		{BB82F713-D0EA-4E91-B8B7-0B56C3C0CDC0}.Debug|iPhone.Deploy.0 = Debug|Any CPU
		{BB82F713-D0EA-4E91-B8B7-0B56C3C0CDC0}.Debug|iPhoneSimulator.ActiveCfg = Debug|Any CPU
		{BB82F713-D0EA-4E91-B8B7-0B56C3C0CDC0}.Debug|iPhoneSimulator.Build.0 = Debug|Any CPU
		{BB82F713-D0EA-4E91-B8B7-0B56C3C0CDC0}.Debug|iPhoneSimulator.Deploy.0 = Debug|Any CPU
		{BB82F713-D0EA-4E91-B8B7-0B56C3C0CDC0}.Release|Any CPU.ActiveCfg = Release|Any CPU
		{BB82F713-D0EA-4E91-B8B7-0B56C3C0CDC0}.Release|Any CPU.Build.0 = Release|Any CPU
		{BB82F713-D0EA-4E91-B8B7-0B56C3C0CDC0}.Release|Any CPU.Deploy.0 = Release|Any CPU
		{BB82F713-D0EA-4E91-B8B7-0B56C3C0CDC0}.Release|iPhone.ActiveCfg = Release|Any CPU
		{BB82F713-D0EA-4E91-B8B7-0B56C3C0CDC0}.Release|iPhone.Build.0 = Release|Any CPU
		{BB82F713-D0EA-4E91-B8B7-0B56C3C0CDC0}.Release|iPhone.Deploy.0 = Release|Any CPU
		{BB82F713-D0EA-4E91-B8B7-0B56C3C0CDC0}.Release|iPhoneSimulator.ActiveCfg = Release|Any CPU
		{BB82F713-D0EA-4E91-B8B7-0B56C3C0CDC0}.Release|iPhoneSimulator.Build.0 = Release|Any CPU
		{BB82F713-D0EA-4E91-B8B7-0B56C3C0CDC0}.Release|iPhoneSimulator.Deploy.0 = Release|Any CPU
	EndGlobalSection
	GlobalSection(SolutionProperties) = preSolution
		HideSolutionNode = FALSE
	EndGlobalSection
	GlobalSection(ExtensibilityGlobals) = postSolution
		SolutionGuid = {D5D29F57-5CFF-4739-8018-2FAC82903861}
	EndGlobalSection
EndGlobal
